
Microsoft Visual Studio Solution File, Format Version 12.00
# Visual Studio 15
VisualStudioVersion = 15.0.28010.2026
MinimumVisualStudioVersion = 10.0.40219.1
Project("{FAE04EC0-301F-11D3-BF4B-00C04F79EFBC}") = "AKQATask", "AKQATask\AKQATask.csproj", "{32ABF08E-5AE2-4842-A591-1F15DCC25257}"
EndProject
Project("{FAE04EC0-301F-11D3-BF4B-00C04F79EFBC}") = "AKQATask.Tests", "AKQATask.Tests\AKQATask.Tests.csproj", "{8F2ECBA7-69BC-4B3C-A7F6-B2D92E656A12}"
EndProject
Global
	GlobalSection(SolutionConfigurationPlatforms) = preSolution
		Debug|Any CPU = Debug|Any CPU
		Release|Any CPU = Release|Any CPU
	EndGlobalSection
	GlobalSection(ProjectConfigurationPlatforms) = postSolution
		{32ABF08E-5AE2-4842-A591-1F15DCC25257}.Debug|Any CPU.ActiveCfg = Debug|Any CPU
		{32ABF08E-5AE2-4842-A591-1F15DCC25257}.Debug|Any CPU.Build.0 = Debug|Any CPU
		{32ABF08E-5AE2-4842-A591-1F15DCC25257}.Release|Any CPU.ActiveCfg = Release|Any CPU
		{32ABF08E-5AE2-4842-A591-1F15DCC25257}.Release|Any CPU.Build.0 = Release|Any CPU
		{8F2ECBA7-69BC-4B3C-A7F6-B2D92E656A12}.Debug|Any CPU.ActiveCfg = Debug|Any CPU
		{8F2ECBA7-69BC-4B3C-A7F6-B2D92E656A12}.Debug|Any CPU.Build.0 = Debug|Any CPU
		{8F2ECBA7-69BC-4B3C-A7F6-B2D92E656A12}.Release|Any CPU.ActiveCfg = Release|Any CPU
		{8F2ECBA7-69BC-4B3C-A7F6-B2D92E656A12}.Release|Any CPU.Build.0 = Release|Any CPU
	EndGlobalSection
	GlobalSection(SolutionProperties) = preSolution
		HideSolutionNode = FALSE
	EndGlobalSection
	GlobalSection(ExtensibilityGlobals) = postSolution
		SolutionGuid = {F6D22311-F09D-4A89-A097-FBEADDE4E7AE}
	EndGlobalSection
EndGlobal
